{
  "name": "@tars/node-agent",
  "version": "2.1.0",
  "lockfileVersion": 1,
  "requires": true,
  "dependencies": {
    "@tars/dyeing": {
      "version": "2.0.1",
      "resolved": "http://mirrors.cloud.tencent.com/npm/@tars%2fdyeing/-/dyeing-2.0.1.tgz",
      "integrity": "sha512-49OpAcXXP4iEpckIB6M/6Flmg435TMLJ/nJXVYOfLZiYhmL7aF7DgvcLCd3MCOHX4vj22cC6NavgoMpszBwUhw=="
    },
    "@tars/monitor": {
      "version": "2.1.1",
      "resolved": "http://mirrors.cloud.tencent.com/npm/@tars%2fmonitor/-/monitor-2.1.1.tgz",
      "integrity": "sha512-wlxllNQAkTsSXTtptQaGh9nugZdQ6Jzrob4hk/26d/AQLFOM65Wpm5wNefxgoW06X18DBEHhDTgtbputdTnvGw==",
      "requires": {
        "@tars/rpc": "^2.0.0",
        "@tars/stream": "^2.0.2",
        "@tars/utils": "^2.0.1"
      }
    },
    "@tars/notify": {
      "version": "2.0.0",
      "resolved": "http://mirrors.cloud.tencent.com/npm/@tars%2fnotify/-/notify-2.0.0.tgz",
      "integrity": "sha512-sEUU3SWhvYFx5KZG4HLrlb0kYDLOgF/SbVKdpxEbe1FOTc8XcZdVV5e8xEsm3h/2pmkGIjaHOhx3Is+DMuqJsQ==",
      "requires": {
        "@tars/rpc": "^2.0.11",
        "@tars/stream": "^2.0.2",
        "@tars/utils": "^2.0.1"
      }
    },
    "@tars/registry": {
      "version": "2.0.3",
      "resolved": "http://mirrors.cloud.tencent.com/npm/@tars%2fregistry/-/registry-2.0.3.tgz",
      "integrity": "sha512-2lot2SC/FWz72Wzb4+W6nhg3xP4ntSLIv5n0yL1H8NSa1pE7RctCyW/nmDdNXcYq+32GskCe9FTYhVb2rhI5RA==",
      "requires": {
        "@tars/rpc": "^2.0.11",
        "@tars/stream": "^2.0.2"
      }
    },
    "@tars/rpc": {
      "version": "2.0.11",
      "resolved": "http://mirrors.cloud.tencent.com/npm/@tars%2frpc/-/rpc-2.0.11.tgz",
      "integrity": "sha512-CBo1GQCJcD7q4VbK9/U4eZutmcOSdcoPChgvn9tPyZro1JeKwduLgnBQHWXgblYU7n811ovtX2jo3FLaH0ETOA==",
      "requires": {
        "@tars/dyeing": "^2.0.0",
        "@tars/monitor": "^2.0.0",
        "@tars/registry": "^2.0.0",
        "@tars/stream": "^2.0.1",
        "@tars/utils": "^2.0.0",
        "hashring": "^3.2.0"
      }
    },
    "@tars/stream": {
      "version": "2.0.2",
      "resolved": "http://mirrors.cloud.tencent.com/npm/@tars%2fstream/-/stream-2.0.2.tgz",
      "integrity": "sha512-u4irRlKFiQKxGyjgjM0ezugKOePa9Zu7cJ6cGXzhc3nomxw2HvdAW9g8mR0UtlloIqyheOIJpH16SF5SN8qqBw==",
      "requires": {
        "big.js": "^3.1.3"
      }
    },
    "@tars/utils": {
      "version": "2.0.1",
      "resolved": "http://mirrors.cloud.tencent.com/npm/@tars%2futils/-/utils-2.0.1.tgz",
      "integrity": "sha512-uw8qDaYAApAe9bAEQRCyRJclE2z/iTpuCQfswcwzYwfLlolEplfrANvNEtfr1LvZ3tN7jHw2QGx9KBmGzTom7A==",
      "requires": {
        "bluebird": "^3.4.6"
      }
    },
    "@tars/winston-tars": {
      "version": "2.1.3",
      "resolved": "http://mirrors.cloud.tencent.com/npm/@tars%2fwinston-tars/-/winston-tars-2.1.3.tgz",
      "integrity": "sha512-x2LS9a+FVwt7bKTuoPCE5zjnSyRSRmHfbMDNbGhbGb5IOJy9csZNPUgD54YwQzFRY0XnBtytoECipDoL++1Jig==",
      "requires": {
        "@tars/rpc": "^2.0.11",
        "@tars/stream": "^2.0.2",
        "@tars/utils": "^2.0.1",
        "async": "2.5.0",
        "strftime": "0.10.0"
      }
    },
    "ansi-regex": {
      "version": "2.1.1",
      "resolved": "http://mirrors.cloud.tencent.com/npm/ansi-regex/-/ansi-regex-2.1.1.tgz",
      "integrity": "sha1-w7M6te42DYbg5ijwRorn7yfWVN8="
    },
    "ansi-styles": {
      "version": "2.2.1",
      "resolved": "http://mirrors.cloud.tencent.com/npm/ansi-styles/-/ansi-styles-2.2.1.tgz",
      "integrity": "sha1-tDLdM1i2NM914eRmQ2gkBTPB3b4="
    },
    "asap": {
      "version": "2.0.6",
      "resolved": "http://mirrors.cloud.tencent.com/npm/asap/-/asap-2.0.6.tgz",
      "integrity": "sha1-5QNHYR1+aQlDIIu9r+vLwvuGbUY="
    },
    "async": {
      "version": "2.5.0",
      "resolved": "http://mirrors.cloud.tencent.com/npm/async/-/async-2.5.0.tgz",
      "integrity": "sha512-e+lJAJeNWuPCNyxZKOBdaJGyLGHugXVQtrAwtuAe2vhxTYxFTKE73p8JuTmdH0qdQZtDvI4dhJwjZc5zsfIsYw==",
      "requires": {
        "lodash": "^4.14.0"
      }
    },
    "balanced-match": {
      "version": "1.0.0",
      "resolved": "http://mirrors.cloud.tencent.com/npm/balanced-match/-/balanced-match-1.0.0.tgz",
      "integrity": "sha1-ibTRmasr7kneFk6gK4nORi1xt2c="
    },
    "big.js": {
      "version": "3.2.0",
      "resolved": "http://mirrors.cloud.tencent.com/npm/big.js/-/big.js-3.2.0.tgz",
      "integrity": "sha512-+hN/Zh2D08Mx65pZ/4g5bsmNiZUuChDiQfTUQ7qJr4/kuopCr88xZsAXv6mBoZEsUI4OuGHlX59qE94K2mMW8Q=="
    },
    "bluebird": {
      "version": "3.7.2",
      "resolved": "http://mirrors.cloud.tencent.com/npm/bluebird/-/bluebird-3.7.2.tgz",
      "integrity": "sha512-XpNj6GDQzdfW+r2Wnn7xiSAd7TM3jzkxGXBGTtWKuSXv1xUV+azxAm8jdWZN06QTQk+2N2XB9jRDkvbmQmcRtg=="
    },
    "brace-expansion": {
      "version": "1.1.11",
      "resolved": "http://mirrors.cloud.tencent.com/npm/brace-expansion/-/brace-expansion-1.1.11.tgz",
      "integrity": "sha512-iCuPHDFgrHX7H2vEI/5xpz07zSHB00TpugqhmYtVmMO6518mCuRMoOYFldEBl0g187ufozdaHgWKcYFb61qGiA==",
      "requires": {
        "balanced-match": "^1.0.0",
        "concat-map": "0.0.1"
      }
    },
    "callsite": {
      "version": "1.0.0",
      "resolved": "http://mirrors.cloud.tencent.com/npm/callsite/-/callsite-1.0.0.tgz",
      "integrity": "sha1-KAOY5dZkvXQDi28JBRU+borxvCA="
    },
    "chalk": {
      "version": "1.1.3",
      "resolved": "http://mirrors.cloud.tencent.com/npm/chalk/-/chalk-1.1.3.tgz",
      "integrity": "sha1-qBFcVeSnAv5NFQq9OHKCKn4J/Jg=",
      "requires": {
        "ansi-styles": "^2.2.1",
        "escape-string-regexp": "^1.0.2",
        "has-ansi": "^2.0.0",
        "strip-ansi": "^3.0.0",
        "supports-color": "^2.0.0"
      }
    },
    "colors": {
      "version": "1.0.3",
      "resolved": "http://mirrors.cloud.tencent.com/npm/colors/-/colors-1.0.3.tgz",
      "integrity": "sha1-BDP0TYCWgP3rYO0mDxsMJi6CpAs="
    },
    "commander": {
      "version": "2.9.0",
      "resolved": "http://mirrors.cloud.tencent.com/npm/commander/-/commander-2.9.0.tgz",
      "integrity": "sha1-nJkJQXbhIkDLItbFFGCYQA/g99Q=",
      "requires": {
        "graceful-readlink": ">= 1.0.0"
      }
    },
    "compare-versions": {
      "version": "3.3.0",
      "resolved": "http://mirrors.cloud.tencent.com/npm/compare-versions/-/compare-versions-3.3.0.tgz",
      "integrity": "sha512-MAAAIOdi2s4Gl6rZ76PNcUa9IOYB+5ICdT41o5uMRf09aEu/F9RK+qhe8RjXNPwcTjGV7KU7h2P/fljThFVqyQ=="
    },
    "concat-map": {
      "version": "0.0.1",
      "resolved": "http://mirrors.cloud.tencent.com/npm/concat-map/-/concat-map-0.0.1.tgz",
      "integrity": "sha1-2Klr13/Wjfd5OnMDajug1UBdR3s="
    },
    "connection-parse": {
      "version": "0.0.7",
      "resolved": "http://mirrors.cloud.tencent.com/npm/connection-parse/-/connection-parse-0.0.7.tgz",
      "integrity": "sha1-GOcxiqsGppkmc3KxDFIm0locmmk="
    },
    "cycle": {
      "version": "1.0.3",
      "resolved": "http://mirrors.cloud.tencent.com/npm/cycle/-/cycle-1.0.3.tgz",
      "integrity": "sha1-IegLK+hYD5i0aPN5QwZisEbDStI="
    },
    "debug": {
      "version": "1.0.4",
      "resolved": "http://mirrors.cloud.tencent.com/npm/debug/-/debug-1.0.4.tgz",
      "integrity": "sha1-W5wla9VLbsAigxdvqKDt5tFUy/g=",
      "requires": {
        "ms": "0.6.2"
      }
    },
    "debuglog": {
      "version": "1.0.1",
      "resolved": "http://mirrors.cloud.tencent.com/npm/debuglog/-/debuglog-1.0.1.tgz",
      "integrity": "sha1-qiT/uaw9+aI1GDfPstJ5NgzXhJI="
    },
    "dezalgo": {
      "version": "1.0.3",
      "resolved": "http://mirrors.cloud.tencent.com/npm/dezalgo/-/dezalgo-1.0.3.tgz",
      "integrity": "sha1-f3Qt4Gb8dIvI24IFad3c5Jvw1FY=",
      "requires": {
        "asap": "^2.0.0",
        "wrappy": "1"
      }
    },
    "ee-first": {
      "version": "1.1.1",
      "resolved": "http://mirrors.cloud.tencent.com/npm/ee-first/-/ee-first-1.1.1.tgz",
      "integrity": "sha1-WQxhFWsK4vTwJVcyoViyZrxWsh0="
    },
    "escape-string-regexp": {
      "version": "1.0.5",
      "resolved": "http://mirrors.cloud.tencent.com/npm/escape-string-regexp/-/escape-string-regexp-1.0.5.tgz",
      "integrity": "sha1-G2HAViGQqN/2rjuyzwIAyhMLhtQ="
    },
    "event-loop-lag": {
      "version": "1.1.0",
      "resolved": "http://mirrors.cloud.tencent.com/npm/event-loop-lag/-/event-loop-lag-1.1.0.tgz",
      "integrity": "sha1-cfzrx0WoGP1hxTmjX/LjugHrdBk=",
      "requires": {
        "debug": "1.0.4"
      }
    },
    "eyes": {
      "version": "0.1.8",
      "resolved": "http://mirrors.cloud.tencent.com/npm/eyes/-/eyes-0.1.8.tgz",
      "integrity": "sha1-Ys8SAjTGg3hdkCNIqADvPgzCC8A="
    },
    "fs.realpath": {
      "version": "1.0.0",
      "resolved": "http://mirrors.cloud.tencent.com/npm/fs.realpath/-/fs.realpath-1.0.0.tgz",
      "integrity": "sha1-FQStJSMVjKpA20onh8sBQRmU6k8="
    },
    "glob": {
      "version": "7.1.6",
      "resolved": "http://mirrors.cloud.tencent.com/npm/glob/-/glob-7.1.6.tgz",
      "integrity": "sha512-LwaxwyZ72Lk7vZINtNNrywX0ZuLyStrdDtabefZKAY5ZGJhVtgdznluResxNmPitE0SAO+O26sWTHeKSI2wMBA==",
      "requires": {
        "fs.realpath": "^1.0.0",
        "inflight": "^1.0.4",
        "inherits": "2",
        "minimatch": "^3.0.4",
        "once": "^1.3.0",
        "path-is-absolute": "^1.0.0"
      }
    },
    "graceful-fs": {
      "version": "4.2.3",
      "resolved": "http://mirrors.cloud.tencent.com/npm/graceful-fs/-/graceful-fs-4.2.3.tgz",
      "integrity": "sha512-a30VEBm4PEdx1dRB7MFK7BejejvCvBronbLjht+sHuGYj8PHs7M/5Z+rt5lw551vZ7yfTCj4Vuyy3mSJytDWRQ=="
    },
    "graceful-readlink": {
      "version": "1.0.1",
      "resolved": "http://mirrors.cloud.tencent.com/npm/graceful-readlink/-/graceful-readlink-1.0.1.tgz",
      "integrity": "sha1-TK+tdrxi8C+gObL5Tpo906ORpyU="
    },
    "has-ansi": {
      "version": "2.0.0",
      "resolved": "http://mirrors.cloud.tencent.com/npm/has-ansi/-/has-ansi-2.0.0.tgz",
      "integrity": "sha1-NPUEnOHs3ysGSa8+8k5F7TVBbZE=",
      "requires": {
        "ansi-regex": "^2.0.0"
      }
    },
    "hashring": {
      "version": "3.2.0",
      "resolved": "http://mirrors.cloud.tencent.com/npm/hashring/-/hashring-3.2.0.tgz",
      "integrity": "sha1-/aTv3oqiLNuX+x0qZeiEAeHBRM4=",
      "requires": {
        "connection-parse": "0.0.x",
        "simple-lru-cache": "0.0.x"
      }
    },
    "hosted-git-info": {
      "version": "2.8.8",
      "resolved": "http://mirrors.cloud.tencent.com/npm/hosted-git-info/-/hosted-git-info-2.8.8.tgz",
      "integrity": "sha512-f/wzC2QaWBs7t9IYqB4T3sR1xviIViXJRJTWBlx2Gf3g0Xi5vI7Yy4koXQ1c9OYDGHN9sBy1DQ2AB8fqZBWhUg=="
    },
    "inflight": {
      "version": "1.0.6",
      "resolved": "http://mirrors.cloud.tencent.com/npm/inflight/-/inflight-1.0.6.tgz",
      "integrity": "sha1-Sb1jMdfQLQwJvJEKEHW6gWW1bfk=",
      "requires": {
        "once": "^1.3.0",
        "wrappy": "1"
      }
    },
    "inherits": {
      "version": "2.0.4",
      "resolved": "http://mirrors.cloud.tencent.com/npm/inherits/-/inherits-2.0.4.tgz",
      "integrity": "sha512-k/vGaX4/Yla3WzyMCvTQOXYeIHvqOKtnqBduzTHpzpQZzAskKMhZ2K+EnBiSM9zGSoIFeMpXKxa4dYeZIQqewQ=="
    },
    "isstream": {
      "version": "0.1.2",
      "resolved": "http://mirrors.cloud.tencent.com/npm/isstream/-/isstream-0.1.2.tgz",
      "integrity": "sha1-R+Y/evVa+m+S4VAOaQ64uFKcCZo="
    },
    "json-parse-better-errors": {
      "version": "1.0.2",
      "resolved": "http://mirrors.cloud.tencent.com/npm/json-parse-better-errors/-/json-parse-better-errors-1.0.2.tgz",
      "integrity": "sha512-mrqyZKfX5EhL7hvqcV6WG1yYjnjeuYDzDhhcAAUrq8Po85NBQBJP+ZDUT75qZQ98IkUoBqdkExkukOU7Ts2wrw=="
    },
    "lodash": {
      "version": "4.17.15",
      "resolved": "http://mirrors.cloud.tencent.com/npm/lodash/-/lodash-4.17.15.tgz",
      "integrity": "sha512-8xOcRHvCjnocdS5cpwXQXVzmmh5e5+saE2QGoeQmbKmRS6J3VQppPOIt0MnmE+4xlZoumy0GPG0D0MVIQbNA1A=="
    },
    "longstack": {
      "version": "1.0.0",
      "resolved": "http://mirrors.cloud.tencent.com/npm/longstack/-/longstack-1.0.0.tgz",
      "integrity": "sha512-EcpnY832aKS9yUUKeKQiZjcseYSB1SXkm24V+2eX5IE+sKz4eN3J43/FrGBH7nbLmFjzWTQyVfJvT5YyyPWOQA==",
      "requires": {
        "callsite": "1.0.0"
      }
    },
    "minimatch": {
      "version": "3.0.4",
      "resolved": "http://mirrors.cloud.tencent.com/npm/minimatch/-/minimatch-3.0.4.tgz",
      "integrity": "sha512-yJHVQEhyqPLUTgt9B83PXu6W3rx4MvvHvSUvToogpwoGDOUQ+yDrR0HRot+yOCdCO7u4hX3pWft6kWBBcqh0UA==",
      "requires": {
        "brace-expansion": "^1.1.7"
      }
    },
    "ms": {
      "version": "0.6.2",
      "resolved": "http://mirrors.cloud.tencent.com/npm/ms/-/ms-0.6.2.tgz",
      "integrity": "sha1-2JwhJMb9wTU9Zai3e/GqxLGTcIw="
    },
    "normalize-package-data": {
      "version": "2.5.0",
      "resolved": "http://mirrors.cloud.tencent.com/npm/normalize-package-data/-/normalize-package-data-2.5.0.tgz",
      "integrity": "sha512-/5CMN3T0R4XTj4DcGaexo+roZSdSFW/0AOOTROrjxzCG1wrWXEsGbRKevjlIL+ZDE4sZlJr5ED4YW0yqmkK+eA==",
      "requires": {
        "hosted-git-info": "^2.1.4",
        "resolve": "^1.10.0",
        "semver": "2 || 3 || 4 || 5",
        "validate-npm-package-license": "^3.0.1"
      }
    },
    "npm-normalize-package-bin": {
      "version": "1.0.1",
      "resolved": "http://mirrors.cloud.tencent.com/npm/npm-normalize-package-bin/-/npm-normalize-package-bin-1.0.1.tgz",
      "integrity": "sha512-EPfafl6JL5/rU+ot6P3gRSCpPDW5VmIzX959Ob1+ySFUuuYHWHekXpwdUZcKP5C+DS4GEtdJluwBjnsNDl+fSA=="
    },
    "on-finished": {
      "version": "2.3.0",
      "resolved": "http://mirrors.cloud.tencent.com/npm/on-finished/-/on-finished-2.3.0.tgz",
      "integrity": "sha1-IPEzZIGwg811M3mSoWlxqi2QaUc=",
      "requires": {
        "ee-first": "1.1.1"
      }
    },
    "once": {
      "version": "1.4.0",
      "resolved": "http://mirrors.cloud.tencent.com/npm/once/-/once-1.4.0.tgz",
      "integrity": "sha1-WDsap3WWHUsROsF9nFC6753Xa9E=",
      "requires": {
        "wrappy": "1"
      }
    },
    "path-is-absolute": {
      "version": "1.0.1",
      "resolved": "http://mirrors.cloud.tencent.com/npm/path-is-absolute/-/path-is-absolute-1.0.1.tgz",
      "integrity": "sha1-F0uSaHNVNP+8es5r9TpanhtcX18="
    },
    "path-parse": {
      "version": "1.0.6",
      "resolved": "http://mirrors.cloud.tencent.com/npm/path-parse/-/path-parse-1.0.6.tgz",
      "integrity": "sha512-GSmOT2EbHrINBf9SR7CDELwlJ8AENk3Qn7OikK4nFYAu3Ote2+JYNVvkpAEQm3/TLNEJFD/xZJjzyxg3KBWOzw=="
    },
    "pidusage": {
      "version": "1.0.4",
      "resolved": "http://mirrors.cloud.tencent.com/npm/pidusage/-/pidusage-1.0.4.tgz",
      "integrity": "sha1-ek2MM52KtUMrMhQWi6KnwwX2380="
    },
    "pkginfo": {
      "version": "0.3.1",
      "resolved": "http://mirrors.cloud.tencent.com/npm/pkginfo/-/pkginfo-0.3.1.tgz",
      "integrity": "sha1-Wyn2qB9wcXFC4J52W76rl7T4HiE="
    },
    "read-installed": {
      "version": "4.0.3",
      "resolved": "http://mirrors.cloud.tencent.com/npm/read-installed/-/read-installed-4.0.3.tgz",
      "integrity": "sha1-/5uLZ/GH0eTCm5/rMfayI6zRkGc=",
      "requires": {
        "debuglog": "^1.0.1",
        "graceful-fs": "^4.1.2",
        "read-package-json": "^2.0.0",
        "readdir-scoped-modules": "^1.0.0",
        "semver": "2 || 3 || 4 || 5",
        "slide": "~1.1.3",
        "util-extend": "^1.0.1"
      }
    },
    "read-package-json": {
      "version": "2.1.1",
      "resolved": "http://mirrors.cloud.tencent.com/npm/read-package-json/-/read-package-json-2.1.1.tgz",
      "integrity": "sha512-dAiqGtVc/q5doFz6096CcnXhpYk0ZN8dEKVkGLU0CsASt8SrgF6SF7OTKAYubfvFhWaqofl+Y8HK19GR8jwW+A==",
      "requires": {
        "glob": "^7.1.1",
        "graceful-fs": "^4.1.2",
        "json-parse-better-errors": "^1.0.1",
        "normalize-package-data": "^2.0.0",
        "npm-normalize-package-bin": "^1.0.0"
      }
    },
    "readdir-scoped-modules": {
      "version": "1.1.0",
      "resolved": "http://mirrors.cloud.tencent.com/npm/readdir-scoped-modules/-/readdir-scoped-modules-1.1.0.tgz",
      "integrity": "sha512-asaikDeqAQg7JifRsZn1NJZXo9E+VwlyCfbkZhwyISinqk5zNS6266HS5kah6P0SaQKGF6SkNnZVHUzHFYxYDw==",
      "requires": {
        "debuglog": "^1.0.1",
        "dezalgo": "^1.0.0",
        "graceful-fs": "^4.1.2",
        "once": "^1.3.0"
      }
    },
    "resolve": {
      "version": "1.15.1",
      "resolved": "http://mirrors.cloud.tencent.com/npm/resolve/-/resolve-1.15.1.tgz",
      "integrity": "sha512-84oo6ZTtoTUpjgNEr5SJyzQhzL72gaRodsSfyxC/AXRvwu0Yse9H8eF9IpGo7b8YetZhlI6v7ZQ6bKBFV/6S7w==",
      "requires": {
        "path-parse": "^1.0.6"
      }
    },
    "semver": {
      "version": "5.7.1",
      "resolved": "http://mirrors.cloud.tencent.com/npm/semver/-/semver-5.7.1.tgz",
      "integrity": "sha512-sauaDf/PZdVgrLTNYHRtpXa1iRiKcaebiKQ1BJdpQlWH2lCvexQdX55snPFyK7QzpudqbCI0qXFfOasHdyNDGQ=="
    },
    "simple-lru-cache": {
      "version": "0.0.2",
      "resolved": "http://mirrors.cloud.tencent.com/npm/simple-lru-cache/-/simple-lru-cache-0.0.2.tgz",
      "integrity": "sha1-1ZzDoZPBpdAyD4Tucy9uRxPlEd0="
    },
    "slide": {
      "version": "1.1.6",
      "resolved": "http://mirrors.cloud.tencent.com/npm/slide/-/slide-1.1.6.tgz",
      "integrity": "sha1-VusCfWW00tzmyy4tMsTUr8nh1wc="
    },
    "spdx-correct": {
      "version": "3.1.0",
      "resolved": "http://mirrors.cloud.tencent.com/npm/spdx-correct/-/spdx-correct-3.1.0.tgz",
      "integrity": "sha512-lr2EZCctC2BNR7j7WzJ2FpDznxky1sjfxvvYEyzxNyb6lZXHODmEoJeFu4JupYlkfha1KZpJyoqiJ7pgA1qq8Q==",
      "requires": {
        "spdx-expression-parse": "^3.0.0",
        "spdx-license-ids": "^3.0.0"
      }
    },
    "spdx-exceptions": {
      "version": "2.2.0",
      "resolved": "http://mirrors.cloud.tencent.com/npm/spdx-exceptions/-/spdx-exceptions-2.2.0.tgz",
      "integrity": "sha512-2XQACfElKi9SlVb1CYadKDXvoajPgBVPn/gOQLrTvHdElaVhr7ZEbqJaRnJLVNeaI4cMEAgVCeBMKF6MWRDCRA=="
    },
    "spdx-expression-parse": {
      "version": "3.0.0",
      "resolved": "http://mirrors.cloud.tencent.com/npm/spdx-expression-parse/-/spdx-expression-parse-3.0.0.tgz",
      "integrity": "sha512-Yg6D3XpRD4kkOmTpdgbUiEJFKghJH03fiC1OPll5h/0sO6neh2jqRDVHOQ4o/LMea0tgCkbMgea5ip/e+MkWyg==",
      "requires": {
        "spdx-exceptions": "^2.1.0",
        "spdx-license-ids": "^3.0.0"
      }
    },
    "spdx-license-ids": {
      "version": "3.0.5",
      "resolved": "http://mirrors.cloud.tencent.com/npm/spdx-license-ids/-/spdx-license-ids-3.0.5.tgz",
      "integrity": "sha512-J+FWzZoynJEXGphVIS+XEh3kFSjZX/1i9gFBaWQcB+/tmpe2qUsSBABpcxqxnAxFdiUFEgAX1bjYGQvIZmoz9Q=="
    },
    "stack-trace": {
      "version": "0.0.10",
      "resolved": "http://mirrors.cloud.tencent.com/npm/stack-trace/-/stack-trace-0.0.10.tgz",
      "integrity": "sha1-VHxws0fo0ytOEI6hoqFZ5f3eGcA="
    },
    "strftime": {
      "version": "0.10.0",
      "resolved": "http://mirrors.cloud.tencent.com/npm/strftime/-/strftime-0.10.0.tgz",
      "integrity": "sha1-s/D6QZKVICpaKJ9ta+n0kJphcZM="
    },
    "strip-ansi": {
      "version": "3.0.1",
      "resolved": "http://mirrors.cloud.tencent.com/npm/strip-ansi/-/strip-ansi-3.0.1.tgz",
      "integrity": "sha1-ajhfuIU9lS1f8F0Oiq+UJ43GPc8=",
      "requires": {
        "ansi-regex": "^2.0.0"
      }
    },
    "supports-color": {
      "version": "2.0.0",
      "resolved": "http://mirrors.cloud.tencent.com/npm/supports-color/-/supports-color-2.0.0.tgz",
      "integrity": "sha1-U10EXOa2Nj+kARcIRimZXp3zJMc="
    },
    "util-extend": {
      "version": "1.0.3",
      "resolved": "http://mirrors.cloud.tencent.com/npm/util-extend/-/util-extend-1.0.3.tgz",
      "integrity": "sha1-p8IW0mdUUWljeztu3GypEZ4v+T8="
    },
    "validate-npm-package-license": {
      "version": "3.0.4",
      "resolved": "http://mirrors.cloud.tencent.com/npm/validate-npm-package-license/-/validate-npm-package-license-3.0.4.tgz",
      "integrity": "sha512-DpKm2Ui/xN7/HQKCtpZxoRWBhZ9Z0kqtygG8XCgNQ8ZlDnxuQmWhj566j8fN4Cu3/JmbhsDo7fcAJq4s9h27Ew==",
      "requires": {
        "spdx-correct": "^3.0.0",
        "spdx-expression-parse": "^3.0.0"
      }
    },
    "winston": {
      "version": "2.1.1",
      "resolved": "http://mirrors.cloud.tencent.com/npm/winston/-/winston-2.1.1.tgz",
      "integrity": "sha1-PJNJ0ZYgf9G9/51LxD73JRDjoS4=",
      "requires": {
        "async": "~1.0.0",
        "colors": "1.0.x",
        "cycle": "1.0.x",
        "eyes": "0.1.x",
        "isstream": "0.1.x",
        "pkginfo": "0.3.x",
        "stack-trace": "0.0.x"
      },
      "dependencies": {
        "async": {
          "version": "1.0.0",
          "resolved": "http://mirrors.cloud.tencent.com/npm/async/-/async-1.0.0.tgz",
          "integrity": "sha1-+PwEyjoTeErenhZBr5hXjPvWR6k="
        }
      }
    },
    "wmic": {
      "version": "0.0.7",
      "resolved": "http://mirrors.cloud.tencent.com/npm/wmic/-/wmic-0.0.7.tgz",
      "integrity": "sha1-pJGhxvkQ9to2je8pR5ZpTPlol4U=",
      "requires": {
        "async": "^3.2.0"
      },
      "dependencies": {
        "async": {
          "version": "3.2.0",
          "resolved": "http://mirrors.cloud.tencent.com/npm/async/-/async-3.2.0.tgz",
          "integrity": "sha512-TR2mEZFVOj2pLStYxLht7TyfuRzaydfpxr3k9RpHIzMgw7A64dzsdqCxH1WJyQdoe8T10nDXd9wnEigmiuHIZw=="
        }
      }
    },
    "wrappy": {
      "version": "1.0.2",
      "resolved": "http://mirrors.cloud.tencent.com/npm/wrappy/-/wrappy-1.0.2.tgz",
      "integrity": "sha1-tSQ9jz7BqjXxNkYFvA0QNuMKtp8="
    }
  }
}
